
Microsoft Visual Studio Solution File, Format Version 12.00
# Visual Studio Version 17
VisualStudioVersion = 17.11.35219.272
MinimumVisualStudioVersion = 10.0.40219.1
Project("{FAE04EC0-301F-11D3-BF4B-00C04F79EFBC}") = "MarshDatabase", "MarshDatabase.csproj", "{93EA83AE-4FE8-405E-A8FA-8030FDCD2858}"
EndProject
Global
	GlobalSection(SolutionConfigurationPlatforms) = preSolution
		Debug|Any CPU = Debug|Any CPU
		Release|Any CPU = Release|Any CPU
	EndGlobalSection
	GlobalSection(ProjectConfigurationPlatforms) = postSolution
		{93EA83AE-4FE8-405E-A8FA-8030FDCD2858}.Debug|Any CPU.ActiveCfg = Debug|Any CPU
		{93EA83AE-4FE8-405E-A8FA-8030FDCD2858}.Debug|Any CPU.Build.0 = Debug|Any CPU
		{93EA83AE-4FE8-405E-A8FA-8030FDCD2858}.Release|Any CPU.ActiveCfg = Release|Any CPU
		{93EA83AE-4FE8-405E-A8FA-8030FDCD2858}.Release|Any CPU.Build.0 = Release|Any CPU
	EndGlobalSection
	GlobalSection(SolutionProperties) = preSolution
		HideSolutionNode = FALSE
	EndGlobalSection
	GlobalSection(ExtensibilityGlobals) = postSolution
		SolutionGuid = {E1418313-9D76-4C6B-A818-6B51A83D6D34}
	EndGlobalSection
EndGlobal
